
Microsoft Visual Studio Solution File, Format Version 12.00
# Visual Studio Version 16
VisualStudioVersion = 16.0.29215.179
MinimumVisualStudioVersion = 10.0.40219.1
Project("{8BC9CEB8-8B4A-11D0-8D11-00A0C91BC942}") = "DimaMinzuakHW", "DimaMinzuakHW\DimaMinzuakHW.vcxproj", "{ADCE7209-A72F-4427-B186-9E5E97C2FB77}"
EndProject
Global
	GlobalSection(SolutionConfigurationPlatforms) = preSolution
		Debug|x64 = Debug|x64
		Debug|x86 = Debug|x86
		Release|x64 = Release|x64
		Release|x86 = Release|x86
	EndGlobalSection
	GlobalSection(ProjectConfigurationPlatforms) = postSolution
		{ADCE7209-A72F-4427-B186-9E5E97C2FB77}.Debug|x64.ActiveCfg = Debug|x64
		{ADCE7209-A72F-4427-B186-9E5E97C2FB77}.Debug|x64.Build.0 = Debug|x64
		{ADCE7209-A72F-4427-B186-9E5E97C2FB77}.Debug|x86.ActiveCfg = Debug|Win32
		{ADCE7209-A72F-4427-B186-9E5E97C2FB77}.Debug|x86.Build.0 = Debug|Win32
		{ADCE7209-A72F-4427-B186-9E5E97C2FB77}.Release|x64.ActiveCfg = Release|x64
		{ADCE7209-A72F-4427-B186-9E5E97C2FB77}.Release|x64.Build.0 = Release|x64
		{ADCE7209-A72F-4427-B186-9E5E97C2FB77}.Release|x86.ActiveCfg = Release|Win32
		{ADCE7209-A72F-4427-B186-9E5E97C2FB77}.Release|x86.Build.0 = Release|Win32
	EndGlobalSection
	GlobalSection(SolutionProperties) = preSolution
		HideSolutionNode = FALSE
	EndGlobalSection
	GlobalSection(ExtensibilityGlobals) = postSolution
		SolutionGuid = {771C12B8-4ADF-43C9-9295-0405C1E5FDE3}
	EndGlobalSection
EndGlobal
